// !$*UTF8*$!
{
	archiveVersion = 1;
	classes = {
	};
	objectVersion = 51;
	objects = {

/* Begin PBXBuildFile section */
		455560E56671140BB586DA88 /* Pods_BolsonaroTweets.framework in Frameworks */ = {isa = PBXBuildFile; fileRef = 1B4B7B4E04DE9C56FD7C6E23 /* Pods_BolsonaroTweets.framework */; };
		7E0C8FAA22E01FE2009A52B1 /* TweetTBC.swift in Sources */ = {isa = PBXBuildFile; fileRef = 7E0C8FA922E01FE2009A52B1 /* TweetTBC.swift */; };
		7E0C8FAD22E185D0009A52B1 /* NotificationManager.swift in Sources */ = {isa = PBXBuildFile; fileRef = 7E0C8FAC22E185D0009A52B1 /* NotificationManager.swift */; };
		7E0C8FB422E22ACB009A52B1 /* Interface.storyboard in Resources */ = {isa = PBXBuildFile; fileRef = 7E0C8FB222E22ACB009A52B1 /* Interface.storyboard */; };
		7E0C8FB622E22ACE009A52B1 /* Assets.xcassets in Resources */ = {isa = PBXBuildFile; fileRef = 7E0C8FB522E22ACE009A52B1 /* Assets.xcassets */; };
		7E0C8FBD22E22ACE009A52B1 /* BolsonaroTweetsWatch Extension.appex in Embed App Extensions */ = {isa = PBXBuildFile; fileRef = 7E0C8FBC22E22ACE009A52B1 /* BolsonaroTweetsWatch Extension.appex */; settings = {ATTRIBUTES = (RemoveHeadersOnCopy, ); }; };
		7E0C8FC222E22ACE009A52B1 /* InterfaceController.swift in Sources */ = {isa = PBXBuildFile; fileRef = 7E0C8FC122E22ACE009A52B1 /* InterfaceController.swift */; };
		7E0C8FC422E22ACE009A52B1 /* ExtensionDelegate.swift in Sources */ = {isa = PBXBuildFile; fileRef = 7E0C8FC322E22ACE009A52B1 /* ExtensionDelegate.swift */; };
		7E0C8FC622E22ACE009A52B1 /* NotificationController.swift in Sources */ = {isa = PBXBuildFile; fileRef = 7E0C8FC522E22ACE009A52B1 /* NotificationController.swift */; };
		7E0C8FC822E22ACE009A52B1 /* Assets.xcassets in Resources */ = {isa = PBXBuildFile; fileRef = 7E0C8FC722E22ACE009A52B1 /* Assets.xcassets */; };
		7E0C8FCD22E22ACE009A52B1 /* BolsonaroTweetsWatch.app in Embed Watch Content */ = {isa = PBXBuildFile; fileRef = 7E0C8FB022E22ACB009A52B1 /* BolsonaroTweetsWatch.app */; };
		7E0C8FD622E22C39009A52B1 /* Tweet.swift in Sources */ = {isa = PBXBuildFile; fileRef = 7E9D963F222A20B80000C339 /* Tweet.swift */; };
		7E0C8FD722E22D9F009A52B1 /* Decoding.swift in Sources */ = {isa = PBXBuildFile; fileRef = 7E5194AF222A365200F8DA66 /* Decoding.swift */; };
		7E0E9352227DFF700099DE14 /* StringExtension.swift in Sources */ = {isa = PBXBuildFile; fileRef = 7E0E9351227DFF700099DE14 /* StringExtension.swift */; };
		7E205F82227E63C500483125 /* SettingsManager.swift in Sources */ = {isa = PBXBuildFile; fileRef = 7E205F81227E63C500483125 /* SettingsManager.swift */; };
		7E205F84227E925700483125 /* UIImageExtension.swift in Sources */ = {isa = PBXBuildFile; fileRef = 7E205F83227E925700483125 /* UIImageExtension.swift */; };
		7E205F86227E98E900483125 /* RetweetCell.swift in Sources */ = {isa = PBXBuildFile; fileRef = 7E205F85227E98E800483125 /* RetweetCell.swift */; };
		7E205F88227E98F500483125 /* QuoteCell.swift in Sources */ = {isa = PBXBuildFile; fileRef = 7E205F87227E98F500483125 /* QuoteCell.swift */; };
		7E20A2D9225AC9D0006539F5 /* Localizable.strings in Resources */ = {isa = PBXBuildFile; fileRef = 7E20A2DB225AC9D0006539F5 /* Localizable.strings */; };
		7E20A2E0225AFFF9006539F5 /* GoogleAdManager.swift in Sources */ = {isa = PBXBuildFile; fileRef = 7E20A2DF225AFFF9006539F5 /* GoogleAdManager.swift */; };
		7E478E7D22ADA19400390919 /* AdUnits.plist in Resources */ = {isa = PBXBuildFile; fileRef = 7E478E7C22ADA19400390919 /* AdUnits.plist */; };
		7E5194B0222A365200F8DA66 /* Decoding.swift in Sources */ = {isa = PBXBuildFile; fileRef = 7E5194AF222A365200F8DA66 /* Decoding.swift */; };
		7E5194B2222A434200F8DA66 /* TweetCell.swift in Sources */ = {isa = PBXBuildFile; fileRef = 7E5194B1222A434200F8DA66 /* TweetCell.swift */; };
		7E5194B4222A45AF00F8DA66 /* TweetController.swift in Sources */ = {isa = PBXBuildFile; fileRef = 7E5194B3222A45AF00F8DA66 /* TweetController.swift */; };
		7E9D9640222A20B80000C339 /* Tweet.swift in Sources */ = {isa = PBXBuildFile; fileRef = 7E9D963F222A20B80000C339 /* Tweet.swift */; };
		7ED4F60E22583F9C00859B19 /* NetworkManager.swift in Sources */ = {isa = PBXBuildFile; fileRef = 7ED4F60D22583F9C00859B19 /* NetworkManager.swift */; };
		7EE679A32228A071005CE163 /* AppDelegate.swift in Sources */ = {isa = PBXBuildFile; fileRef = 7EE679A22228A071005CE163 /* AppDelegate.swift */; };
		7EE679A52228A071005CE163 /* TweetsVC.swift in Sources */ = {isa = PBXBuildFile; fileRef = 7EE679A42228A071005CE163 /* TweetsVC.swift */; };
		7EE679A72228A071005CE163 /* SettingsVC.swift in Sources */ = {isa = PBXBuildFile; fileRef = 7EE679A62228A071005CE163 /* SettingsVC.swift */; };
		7EE679AA2228A071005CE163 /* Main.storyboard in Resources */ = {isa = PBXBuildFile; fileRef = 7EE679A82228A071005CE163 /* Main.storyboard */; };
		7EE679AC2228A072005CE163 /* Assets.xcassets in Resources */ = {isa = PBXBuildFile; fileRef = 7EE679AB2228A072005CE163 /* Assets.xcassets */; };
		7EE679AF2228A072005CE163 /* LaunchScreen.storyboard in Resources */ = {isa = PBXBuildFile; fileRef = 7EE679AD2228A072005CE163 /* LaunchScreen.storyboard */; };
		7EEB1B89222F5B95000F4C92 /* Authentication.plist in Resources */ = {isa = PBXBuildFile; fileRef = 7EEB1B88222F5B95000F4C92 /* Authentication.plist */; };
/* End PBXBuildFile section */

/* Begin PBXContainerItemProxy section */
		7E0C8FBE22E22ACE009A52B1 /* PBXContainerItemProxy */ = {
			isa = PBXContainerItemProxy;
			containerPortal = 7EE679972228A071005CE163 /* Project object */;
			proxyType = 1;
			remoteGlobalIDString = 7E0C8FBB22E22ACE009A52B1;
			remoteInfo = "BolsonaroTweetsWatch Extension";
		};
		7E0C8FCB22E22ACE009A52B1 /* PBXContainerItemProxy */ = {
			isa = PBXContainerItemProxy;
			containerPortal = 7EE679972228A071005CE163 /* Project object */;
			proxyType = 1;
			remoteGlobalIDString = 7E0C8FAF22E22ACB009A52B1;
			remoteInfo = BolsonaroTweetsWatch;
		};
/* End PBXContainerItemProxy section */

/* Begin PBXCopyFilesBuildPhase section */
		7E0C8FD322E22ACE009A52B1 /* Embed App Extensions */ = {
			isa = PBXCopyFilesBuildPhase;
			buildActionMask = 2147483647;
			dstPath = "";
			dstSubfolderSpec = 13;
			files = (
				7E0C8FBD22E22ACE009A52B1 /* BolsonaroTweetsWatch Extension.appex in Embed App Extensions */,
			);
			name = "Embed App Extensions";
			runOnlyForDeploymentPostprocessing = 0;
		};
		7E0C8FD522E22ACE009A52B1 /* Embed Watch Content */ = {
			isa = PBXCopyFilesBuildPhase;
			buildActionMask = 2147483647;
			dstPath = "$(CONTENTS_FOLDER_PATH)/Watch";
			dstSubfolderSpec = 16;
			files = (
				7E0C8FCD22E22ACE009A52B1 /* BolsonaroTweetsWatch.app in Embed Watch Content */,
			);
			name = "Embed Watch Content";
			runOnlyForDeploymentPostprocessing = 0;
		};
/* End PBXCopyFilesBuildPhase section */

/* Begin PBXFileReference section */
		1B4B7B4E04DE9C56FD7C6E23 /* Pods_BolsonaroTweets.framework */ = {isa = PBXFileReference; explicitFileType = wrapper.framework; includeInIndex = 0; path = Pods_BolsonaroTweets.framework; sourceTree = BUILT_PRODUCTS_DIR; };
		64E573539FD568AA10688027 /* Pods-BolsonaroTweets.debug.xcconfig */ = {isa = PBXFileReference; includeInIndex = 1; lastKnownFileType = text.xcconfig; name = "Pods-BolsonaroTweets.debug.xcconfig"; path = "Pods/Target Support Files/Pods-BolsonaroTweets/Pods-BolsonaroTweets.debug.xcconfig"; sourceTree = "<group>"; };
		7E0C8FA922E01FE2009A52B1 /* TweetTBC.swift */ = {isa = PBXFileReference; lastKnownFileType = sourcecode.swift; path = TweetTBC.swift; sourceTree = "<group>"; };
		7E0C8FAC22E185D0009A52B1 /* NotificationManager.swift */ = {isa = PBXFileReference; lastKnownFileType = sourcecode.swift; path = NotificationManager.swift; sourceTree = "<group>"; };
		7E0C8FB022E22ACB009A52B1 /* BolsonaroTweetsWatch.app */ = {isa = PBXFileReference; explicitFileType = wrapper.application; includeInIndex = 0; path = BolsonaroTweetsWatch.app; sourceTree = BUILT_PRODUCTS_DIR; };
		7E0C8FB322E22ACB009A52B1 /* Base */ = {isa = PBXFileReference; lastKnownFileType = file.storyboard; name = Base; path = Base.lproj/Interface.storyboard; sourceTree = "<group>"; };
		7E0C8FB522E22ACE009A52B1 /* Assets.xcassets */ = {isa = PBXFileReference; lastKnownFileType = folder.assetcatalog; path = Assets.xcassets; sourceTree = "<group>"; };
		7E0C8FB722E22ACE009A52B1 /* Info.plist */ = {isa = PBXFileReference; lastKnownFileType = text.plist.xml; path = Info.plist; sourceTree = "<group>"; };
		7E0C8FBC22E22ACE009A52B1 /* BolsonaroTweetsWatch Extension.appex */ = {isa = PBXFileReference; explicitFileType = "wrapper.app-extension"; includeInIndex = 0; path = "BolsonaroTweetsWatch Extension.appex"; sourceTree = BUILT_PRODUCTS_DIR; };
		7E0C8FC122E22ACE009A52B1 /* InterfaceController.swift */ = {isa = PBXFileReference; lastKnownFileType = sourcecode.swift; path = InterfaceController.swift; sourceTree = "<group>"; };
		7E0C8FC322E22ACE009A52B1 /* ExtensionDelegate.swift */ = {isa = PBXFileReference; lastKnownFileType = sourcecode.swift; path = ExtensionDelegate.swift; sourceTree = "<group>"; };
		7E0C8FC522E22ACE009A52B1 /* NotificationController.swift */ = {isa = PBXFileReference; lastKnownFileType = sourcecode.swift; path = NotificationController.swift; sourceTree = "<group>"; };
		7E0C8FC722E22ACE009A52B1 /* Assets.xcassets */ = {isa = PBXFileReference; lastKnownFileType = folder.assetcatalog; path = Assets.xcassets; sourceTree = "<group>"; };
		7E0C8FC922E22ACE009A52B1 /* Info.plist */ = {isa = PBXFileReference; lastKnownFileType = text.plist.xml; path = Info.plist; sourceTree = "<group>"; };
		7E0C8FCA22E22ACE009A52B1 /* PushNotificationPayload.apns */ = {isa = PBXFileReference; lastKnownFileType = text; path = PushNotificationPayload.apns; sourceTree = "<group>"; };
		7E0E9351227DFF700099DE14 /* StringExtension.swift */ = {isa = PBXFileReference; lastKnownFileType = sourcecode.swift; path = StringExtension.swift; sourceTree = "<group>"; };
		7E205F81227E63C500483125 /* SettingsManager.swift */ = {isa = PBXFileReference; lastKnownFileType = sourcecode.swift; path = SettingsManager.swift; sourceTree = "<group>"; };
		7E205F83227E925700483125 /* UIImageExtension.swift */ = {isa = PBXFileReference; lastKnownFileType = sourcecode.swift; path = UIImageExtension.swift; sourceTree = "<group>"; };
		7E205F85227E98E800483125 /* RetweetCell.swift */ = {isa = PBXFileReference; lastKnownFileType = sourcecode.swift; path = RetweetCell.swift; sourceTree = "<group>"; };
		7E205F87227E98F500483125 /* QuoteCell.swift */ = {isa = PBXFileReference; lastKnownFileType = sourcecode.swift; path = QuoteCell.swift; sourceTree = "<group>"; };
		7E20A2DA225AC9D0006539F5 /* en */ = {isa = PBXFileReference; lastKnownFileType = text.plist.strings; name = en; path = en.lproj/Localizable.strings; sourceTree = "<group>"; };
		7E20A2DC225AC9D4006539F5 /* pt-BR */ = {isa = PBXFileReference; lastKnownFileType = text.plist.strings; name = "pt-BR"; path = "pt-BR.lproj/Localizable.strings"; sourceTree = "<group>"; };
		7E20A2DF225AFFF9006539F5 /* GoogleAdManager.swift */ = {isa = PBXFileReference; lastKnownFileType = sourcecode.swift; path = GoogleAdManager.swift; sourceTree = "<group>"; };
		7E478E7C22ADA19400390919 /* AdUnits.plist */ = {isa = PBXFileReference; lastKnownFileType = text.plist.xml; path = AdUnits.plist; sourceTree = "<group>"; };
		7E5194AF222A365200F8DA66 /* Decoding.swift */ = {isa = PBXFileReference; lastKnownFileType = sourcecode.swift; path = Decoding.swift; sourceTree = "<group>"; };
		7E5194B1222A434200F8DA66 /* TweetCell.swift */ = {isa = PBXFileReference; lastKnownFileType = sourcecode.swift; path = TweetCell.swift; sourceTree = "<group>"; };
		7E5194B3222A45AF00F8DA66 /* TweetController.swift */ = {isa = PBXFileReference; lastKnownFileType = sourcecode.swift; path = TweetController.swift; sourceTree = "<group>"; };
		7E9D963F222A20B80000C339 /* Tweet.swift */ = {isa = PBXFileReference; lastKnownFileType = sourcecode.swift; path = Tweet.swift; sourceTree = "<group>"; };
		7ED4F60D22583F9C00859B19 /* NetworkManager.swift */ = {isa = PBXFileReference; fileEncoding = 4; lastKnownFileType = sourcecode.swift; path = NetworkManager.swift; sourceTree = "<group>"; };
		7EE6799F2228A071005CE163 /* BolsonaroTweets.app */ = {isa = PBXFileReference; explicitFileType = wrapper.application; includeInIndex = 0; path = BolsonaroTweets.app; sourceTree = BUILT_PRODUCTS_DIR; };
		7EE679A22228A071005CE163 /* AppDelegate.swift */ = {isa = PBXFileReference; lastKnownFileType = sourcecode.swift; path = AppDelegate.swift; sourceTree = "<group>"; };
		7EE679A42228A071005CE163 /* TweetsVC.swift */ = {isa = PBXFileReference; lastKnownFileType = sourcecode.swift; path = TweetsVC.swift; sourceTree = "<group>"; };
		7EE679A62228A071005CE163 /* SettingsVC.swift */ = {isa = PBXFileReference; lastKnownFileType = sourcecode.swift; path = SettingsVC.swift; sourceTree = "<group>"; };
		7EE679A92228A071005CE163 /* Base */ = {isa = PBXFileReference; lastKnownFileType = file.storyboard; name = Base; path = Base.lproj/Main.storyboard; sourceTree = "<group>"; };
		7EE679AB2228A072005CE163 /* Assets.xcassets */ = {isa = PBXFileReference; lastKnownFileType = folder.assetcatalog; path = Assets.xcassets; sourceTree = "<group>"; };
		7EE679AE2228A072005CE163 /* Base */ = {isa = PBXFileReference; lastKnownFileType = file.storyboard; name = Base; path = Base.lproj/LaunchScreen.storyboard; sourceTree = "<group>"; };
		7EE679B02228A072005CE163 /* Info.plist */ = {isa = PBXFileReference; lastKnownFileType = text.plist.xml; path = Info.plist; sourceTree = "<group>"; };
		7EEB1B88222F5B95000F4C92 /* Authentication.plist */ = {isa = PBXFileReference; lastKnownFileType = text.plist.xml; path = Authentication.plist; sourceTree = "<group>"; };
		E45229C23EFB56F885AF5F91 /* Pods-BolsonaroTweets.release.xcconfig */ = {isa = PBXFileReference; includeInIndex = 1; lastKnownFileType = text.xcconfig; name = "Pods-BolsonaroTweets.release.xcconfig"; path = "Pods/Target Support Files/Pods-BolsonaroTweets/Pods-BolsonaroTweets.release.xcconfig"; sourceTree = "<group>"; };
/* End PBXFileReference section */

/* Begin PBXFrameworksBuildPhase section */
		7E0C8FB922E22ACE009A52B1 /* Frameworks */ = {
			isa = PBXFrameworksBuildPhase;
			buildActionMask = 2147483647;
			files = (
			);
			runOnlyForDeploymentPostprocessing = 0;
		};
		7EE6799C2228A071005CE163 /* Frameworks */ = {
			isa = PBXFrameworksBuildPhase;
			buildActionMask = 2147483647;
			files = (
				455560E56671140BB586DA88 /* Pods_BolsonaroTweets.framework in Frameworks */,
			);
			runOnlyForDeploymentPostprocessing = 0;
		};
/* End PBXFrameworksBuildPhase section */

/* Begin PBXGroup section */
		37FE6C8213B858D40CCD243A /* Pods */ = {
			isa = PBXGroup;
			children = (
				64E573539FD568AA10688027 /* Pods-BolsonaroTweets.debug.xcconfig */,
				E45229C23EFB56F885AF5F91 /* Pods-BolsonaroTweets.release.xcconfig */,
			);
			name = Pods;
			sourceTree = "<group>";
		};
		7E0C8FB122E22ACB009A52B1 /* BolsonaroTweetsWatch */ = {
			isa = PBXGroup;
			children = (
				7E0C8FB222E22ACB009A52B1 /* Interface.storyboard */,
				7E0C8FB522E22ACE009A52B1 /* Assets.xcassets */,
				7E0C8FB722E22ACE009A52B1 /* Info.plist */,
			);
			path = BolsonaroTweetsWatch;
			sourceTree = "<group>";
		};
		7E0C8FC022E22ACE009A52B1 /* BolsonaroTweetsWatch Extension */ = {
			isa = PBXGroup;
			children = (
				7E0C8FC122E22ACE009A52B1 /* InterfaceController.swift */,
				7E0C8FC322E22ACE009A52B1 /* ExtensionDelegate.swift */,
				7E0C8FC522E22ACE009A52B1 /* NotificationController.swift */,
				7E0C8FC722E22ACE009A52B1 /* Assets.xcassets */,
				7E0C8FC922E22ACE009A52B1 /* Info.plist */,
				7E0C8FCA22E22ACE009A52B1 /* PushNotificationPayload.apns */,
			);
			path = "BolsonaroTweetsWatch Extension";
			sourceTree = "<group>";
		};
		7E0E9350227DFF5D0099DE14 /* Extensions */ = {
			isa = PBXGroup;
			children = (
				7E0E9351227DFF700099DE14 /* StringExtension.swift */,
				7E205F83227E925700483125 /* UIImageExtension.swift */,
			);
			path = Extensions;
			sourceTree = "<group>";
		};
		7E20A2D3225AC8A8006539F5 /* Localization */ = {
			isa = PBXGroup;
			children = (
				7E20A2DB225AC9D0006539F5 /* Localizable.strings */,
			);
			path = Localization;
			sourceTree = "<group>";
		};
		7E5194AC222A360F00F8DA66 /* Views */ = {
			isa = PBXGroup;
			children = (
				7E5194B1222A434200F8DA66 /* TweetCell.swift */,
				7E205F85227E98E800483125 /* RetweetCell.swift */,
				7E205F87227E98F500483125 /* QuoteCell.swift */,
			);
			path = Views;
			sourceTree = "<group>";
		};
		7E5194AD222A362400F8DA66 /* ModelControllers */ = {
			isa = PBXGroup;
			children = (
				7E5194B3222A45AF00F8DA66 /* TweetController.swift */,
			);
			path = ModelControllers;
			sourceTree = "<group>";
		};
		7E5194AE222A363600F8DA66 /* Utilities */ = {
			isa = PBXGroup;
			children = (
				7ED4F60D22583F9C00859B19 /* NetworkManager.swift */,
				7E205F81227E63C500483125 /* SettingsManager.swift */,
				7E20A2DF225AFFF9006539F5 /* GoogleAdManager.swift */,
				7E0C8FAC22E185D0009A52B1 /* NotificationManager.swift */,
			);
			path = Utilities;
			sourceTree = "<group>";
		};
		7E9D9639222A20230000C339 /* UI */ = {
			isa = PBXGroup;
			children = (
				7EE679AD2228A072005CE163 /* LaunchScreen.storyboard */,
				7EE679A82228A071005CE163 /* Main.storyboard */,
			);
			path = UI;
			sourceTree = "<group>";
		};
		7E9D963A222A20310000C339 /* Resources */ = {
			isa = PBXGroup;
			children = (
				7EE679A22228A071005CE163 /* AppDelegate.swift */,
				7EE679AB2228A072005CE163 /* Assets.xcassets */,
				7EEB1B88222F5B95000F4C92 /* Authentication.plist */,
				7E478E7C22ADA19400390919 /* AdUnits.plist */,
				7EE679B02228A072005CE163 /* Info.plist */,
			);
			path = Resources;
			sourceTree = "<group>";
		};
		7E9D963D222A20820000C339 /* ViewControllers */ = {
			isa = PBXGroup;
			children = (
				7E0C8FA922E01FE2009A52B1 /* TweetTBC.swift */,
				7EE679A42228A071005CE163 /* TweetsVC.swift */,
				7EE679A62228A071005CE163 /* SettingsVC.swift */,
			);
			path = ViewControllers;
			sourceTree = "<group>";
		};
		7E9D963E222A20A10000C339 /* Models */ = {
			isa = PBXGroup;
			children = (
				7E9D963F222A20B80000C339 /* Tweet.swift */,
				7E5194AF222A365200F8DA66 /* Decoding.swift */,
			);
			path = Models;
			sourceTree = "<group>";
		};
		7EE679962228A071005CE163 = {
			isa = PBXGroup;
			children = (
				7EE679A12228A071005CE163 /* BolsonaroTweets */,
				7E0C8FB122E22ACB009A52B1 /* BolsonaroTweetsWatch */,
				7E0C8FC022E22ACE009A52B1 /* BolsonaroTweetsWatch Extension */,
				7EE679A02228A071005CE163 /* Products */,
				37FE6C8213B858D40CCD243A /* Pods */,
				95D9CBB2CC03DAD1130307E3 /* Frameworks */,
			);
			sourceTree = "<group>";
		};
		7EE679A02228A071005CE163 /* Products */ = {
			isa = PBXGroup;
			children = (
				7EE6799F2228A071005CE163 /* BolsonaroTweets.app */,
				7E0C8FB022E22ACB009A52B1 /* BolsonaroTweetsWatch.app */,
				7E0C8FBC22E22ACE009A52B1 /* BolsonaroTweetsWatch Extension.appex */,
			);
			name = Products;
			sourceTree = "<group>";
		};
		7EE679A12228A071005CE163 /* BolsonaroTweets */ = {
			isa = PBXGroup;
			children = (
				7E9D9639222A20230000C339 /* UI */,
				7E5194AC222A360F00F8DA66 /* Views */,
				7E9D963D222A20820000C339 /* ViewControllers */,
				7E5194AD222A362400F8DA66 /* ModelControllers */,
				7E9D963E222A20A10000C339 /* Models */,
				7E5194AE222A363600F8DA66 /* Utilities */,
				7E0E9350227DFF5D0099DE14 /* Extensions */,
				7E20A2D3225AC8A8006539F5 /* Localization */,
				7E9D963A222A20310000C339 /* Resources */,
			);
			path = BolsonaroTweets;
			sourceTree = "<group>";
		};
		95D9CBB2CC03DAD1130307E3 /* Frameworks */ = {
			isa = PBXGroup;
			children = (
				1B4B7B4E04DE9C56FD7C6E23 /* Pods_BolsonaroTweets.framework */,
			);
			name = Frameworks;
			sourceTree = "<group>";
		};
/* End PBXGroup section */

/* Begin PBXNativeTarget section */
		7E0C8FAF22E22ACB009A52B1 /* BolsonaroTweetsWatch */ = {
			isa = PBXNativeTarget;
			buildConfigurationList = 7E0C8FD422E22ACE009A52B1 /* Build configuration list for PBXNativeTarget "BolsonaroTweetsWatch" */;
			buildPhases = (
				7E0C8FAE22E22ACB009A52B1 /* Resources */,
				7E0C8FD322E22ACE009A52B1 /* Embed App Extensions */,
			);
			buildRules = (
			);
			dependencies = (
				7E0C8FBF22E22ACE009A52B1 /* PBXTargetDependency */,
			);
			name = BolsonaroTweetsWatch;
			productName = BolsonaroTweetsWatch;
			productReference = 7E0C8FB022E22ACB009A52B1 /* BolsonaroTweetsWatch.app */;
			productType = "com.apple.product-type.application.watchapp2";
		};
		7E0C8FBB22E22ACE009A52B1 /* BolsonaroTweetsWatch Extension */ = {
			isa = PBXNativeTarget;
			buildConfigurationList = 7E0C8FD222E22ACE009A52B1 /* Build configuration list for PBXNativeTarget "BolsonaroTweetsWatch Extension" */;
			buildPhases = (
				7E0C8FB822E22ACE009A52B1 /* Sources */,
				7E0C8FB922E22ACE009A52B1 /* Frameworks */,
				7E0C8FBA22E22ACE009A52B1 /* Resources */,
			);
			buildRules = (
			);
			dependencies = (
			);
			name = "BolsonaroTweetsWatch Extension";
			productName = "BolsonaroTweetsWatch Extension";
			productReference = 7E0C8FBC22E22ACE009A52B1 /* BolsonaroTweetsWatch Extension.appex */;
			productType = "com.apple.product-type.watchkit2-extension";
		};
		7EE6799E2228A071005CE163 /* BolsonaroTweets */ = {
			isa = PBXNativeTarget;
			buildConfigurationList = 7EE679B32228A072005CE163 /* Build configuration list for PBXNativeTarget "BolsonaroTweets" */;
			buildPhases = (
				E5C60888AD03E0EA5CCFA42A /* [CP] Check Pods Manifest.lock */,
				7EE6799B2228A071005CE163 /* Sources */,
				7EE6799C2228A071005CE163 /* Frameworks */,
				7EE6799D2228A071005CE163 /* Resources */,
				7ED4F60A225836ED00859B19 /* SwiftLint */,
				2F3DB71FF1820405F9052FC7 /* [CP] Embed Pods Frameworks */,
				7E0C8FD522E22ACE009A52B1 /* Embed Watch Content */,
			);
			buildRules = (
			);
			dependencies = (
				7E0C8FCC22E22ACE009A52B1 /* PBXTargetDependency */,
			);
			name = BolsonaroTweets;
			productName = BolsonaroTweets;
			productReference = 7EE6799F2228A071005CE163 /* BolsonaroTweets.app */;
			productType = "com.apple.product-type.application";
		};
/* End PBXNativeTarget section */

/* Begin PBXProject section */
		7EE679972228A071005CE163 /* Project object */ = {
			isa = PBXProject;
			attributes = {
				LastSwiftUpdateCheck = 1020;
				LastUpgradeCheck = 1010;
				ORGANIZATIONNAME = Warren;
				TargetAttributes = {
					7E0C8FAF22E22ACB009A52B1 = {
						CreatedOnToolsVersion = 10.2.1;
					};
					7E0C8FBB22E22ACE009A52B1 = {
						CreatedOnToolsVersion = 10.2.1;
					};
					7EE6799E2228A071005CE163 = {
						CreatedOnToolsVersion = 10.1;
						LastSwiftMigration = 1020;
						SystemCapabilities = {
							com.apple.BackgroundModes = {
								enabled = 1;
							};
							com.apple.Push = {
								enabled = 0;
							};
						};
					};
				};
			};
			buildConfigurationList = 7EE6799A2228A071005CE163 /* Build configuration list for PBXProject "BolsonaroTweets" */;
			compatibilityVersion = "Xcode 10.0";
			developmentRegion = en;
			hasScannedForEncodings = 0;
			knownRegions = (
				en,
				Base,
				"pt-BR",
			);
			mainGroup = 7EE679962228A071005CE163;
			productRefGroup = 7EE679A02228A071005CE163 /* Products */;
			projectDirPath = "";
			projectRoot = "";
			targets = (
				7EE6799E2228A071005CE163 /* BolsonaroTweets */,
				7E0C8FAF22E22ACB009A52B1 /* BolsonaroTweetsWatch */,
				7E0C8FBB22E22ACE009A52B1 /* BolsonaroTweetsWatch Extension */,
			);
		};
/* End PBXProject section */

/* Begin PBXResourcesBuildPhase section */
		7E0C8FAE22E22ACB009A52B1 /* Resources */ = {
			isa = PBXResourcesBuildPhase;
			buildActionMask = 2147483647;
			files = (
				7E0C8FB622E22ACE009A52B1 /* Assets.xcassets in Resources */,
				7E0C8FB422E22ACB009A52B1 /* Interface.storyboard in Resources */,
			);
			runOnlyForDeploymentPostprocessing = 0;
		};
		7E0C8FBA22E22ACE009A52B1 /* Resources */ = {
			isa = PBXResourcesBuildPhase;
			buildActionMask = 2147483647;
			files = (
				7E0C8FC822E22ACE009A52B1 /* Assets.xcassets in Resources */,
			);
			runOnlyForDeploymentPostprocessing = 0;
		};
		7EE6799D2228A071005CE163 /* Resources */ = {
			isa = PBXResourcesBuildPhase;
			buildActionMask = 2147483647;
			files = (
				7E20A2D9225AC9D0006539F5 /* Localizable.strings in Resources */,
				7EE679AF2228A072005CE163 /* LaunchScreen.storyboard in Resources */,
				7EEB1B89222F5B95000F4C92 /* Authentication.plist in Resources */,
				7EE679AC2228A072005CE163 /* Assets.xcassets in Resources */,
				7EE679AA2228A071005CE163 /* Main.storyboard in Resources */,
				7E478E7D22ADA19400390919 /* AdUnits.plist in Resources */,
			);
			runOnlyForDeploymentPostprocessing = 0;
		};
/* End PBXResourcesBuildPhase section */

/* Begin PBXShellScriptBuildPhase section */
		2F3DB71FF1820405F9052FC7 /* [CP] Embed Pods Frameworks */ = {
			isa = PBXShellScriptBuildPhase;
			buildActionMask = 2147483647;
			files = (
			);
			inputFileListPaths = (
			);
			inputPaths = (
				"${SRCROOT}/Pods/Target Support Files/Pods-BolsonaroTweets/Pods-BolsonaroTweets-frameworks.sh",
				"${BUILT_PRODUCTS_DIR}/GoogleUtilities/GoogleUtilities.framework",
				"${BUILT_PRODUCTS_DIR}/nanopb/nanopb.framework",
			);
			name = "[CP] Embed Pods Frameworks";
			outputFileListPaths = (
			);
			outputPaths = (
				"${TARGET_BUILD_DIR}/${FRAMEWORKS_FOLDER_PATH}/GoogleUtilities.framework",
				"${TARGET_BUILD_DIR}/${FRAMEWORKS_FOLDER_PATH}/nanopb.framework",
			);
			runOnlyForDeploymentPostprocessing = 0;
			shellPath = /bin/sh;
			shellScript = "\"${SRCROOT}/Pods/Target Support Files/Pods-BolsonaroTweets/Pods-BolsonaroTweets-frameworks.sh\"\n";
			showEnvVarsInLog = 0;
		};
		7ED4F60A225836ED00859B19 /* SwiftLint */ = {
			isa = PBXShellScriptBuildPhase;
			buildActionMask = 2147483647;
			files = (
			);
			inputFileListPaths = (
			);
			inputPaths = (
			);
			name = SwiftLint;
			outputFileListPaths = (
			);
			outputPaths = (
			);
			runOnlyForDeploymentPostprocessing = 0;
			shellPath = /bin/sh;
			shellScript = "if which swiftlint >/dev/null; then\nswiftlint\nfi\n";
		};
		E5C60888AD03E0EA5CCFA42A /* [CP] Check Pods Manifest.lock */ = {
			isa = PBXShellScriptBuildPhase;
			buildActionMask = 2147483647;
			files = (
			);
			inputFileListPaths = (
			);
			inputPaths = (
				"${PODS_PODFILE_DIR_PATH}/Podfile.lock",
				"${PODS_ROOT}/Manifest.lock",
			);
			name = "[CP] Check Pods Manifest.lock";
			outputFileListPaths = (
			);
			outputPaths = (
				"$(DERIVED_FILE_DIR)/Pods-BolsonaroTweets-checkManifestLockResult.txt",
			);
			runOnlyForDeploymentPostprocessing = 0;
			shellPath = /bin/sh;
			shellScript = "diff \"${PODS_PODFILE_DIR_PATH}/Podfile.lock\" \"${PODS_ROOT}/Manifest.lock\" > /dev/null\nif [ $? != 0 ] ; then\n    # print error to STDERR\n    echo \"error: The sandbox is not in sync with the Podfile.lock. Run 'pod install' or update your CocoaPods installation.\" >&2\n    exit 1\nfi\n# This output is used by Xcode 'outputs' to avoid re-running this script phase.\necho \"SUCCESS\" > \"${SCRIPT_OUTPUT_FILE_0}\"\n";
			showEnvVarsInLog = 0;
		};
/* End PBXShellScriptBuildPhase section */

/* Begin PBXSourcesBuildPhase section */
		7E0C8FB822E22ACE009A52B1 /* Sources */ = {
			isa = PBXSourcesBuildPhase;
			buildActionMask = 2147483647;
			files = (
				7E0C8FD722E22D9F009A52B1 /* Decoding.swift in Sources */,
				7E0C8FC622E22ACE009A52B1 /* NotificationController.swift in Sources */,
				7E0C8FC422E22ACE009A52B1 /* ExtensionDelegate.swift in Sources */,
				7E0C8FC222E22ACE009A52B1 /* InterfaceController.swift in Sources */,
				7E0C8FD622E22C39009A52B1 /* Tweet.swift in Sources */,
			);
			runOnlyForDeploymentPostprocessing = 0;
		};
		7EE6799B2228A071005CE163 /* Sources */ = {
			isa = PBXSourcesBuildPhase;
			buildActionMask = 2147483647;
			files = (
				7E205F88227E98F500483125 /* QuoteCell.swift in Sources */,
				7E205F82227E63C500483125 /* SettingsManager.swift in Sources */,
				7EE679A72228A071005CE163 /* SettingsVC.swift in Sources */,
				7EE679A32228A071005CE163 /* AppDelegate.swift in Sources */,
				7E20A2E0225AFFF9006539F5 /* GoogleAdManager.swift in Sources */,
				7E5194B4222A45AF00F8DA66 /* TweetController.swift in Sources */,
				7E0C8FAD22E185D0009A52B1 /* NotificationManager.swift in Sources */,
				7EE679A52228A071005CE163 /* TweetsVC.swift in Sources */,
				7ED4F60E22583F9C00859B19 /* NetworkManager.swift in Sources */,
				7E205F86227E98E900483125 /* RetweetCell.swift in Sources */,
				7E5194B2222A434200F8DA66 /* TweetCell.swift in Sources */,
				7E205F84227E925700483125 /* UIImageExtension.swift in Sources */,
				7E5194B0222A365200F8DA66 /* Decoding.swift in Sources */,
				7E0C8FAA22E01FE2009A52B1 /* TweetTBC.swift in Sources */,
				7E0E9352227DFF700099DE14 /* StringExtension.swift in Sources */,
				7E9D9640222A20B80000C339 /* Tweet.swift in Sources */,
			);
			runOnlyForDeploymentPostprocessing = 0;
		};
/* End PBXSourcesBuildPhase section */

/* Begin PBXTargetDependency section */
		7E0C8FBF22E22ACE009A52B1 /* PBXTargetDependency */ = {
			isa = PBXTargetDependency;
			target = 7E0C8FBB22E22ACE009A52B1 /* BolsonaroTweetsWatch Extension */;
			targetProxy = 7E0C8FBE22E22ACE009A52B1 /* PBXContainerItemProxy */;
		};
		7E0C8FCC22E22ACE009A52B1 /* PBXTargetDependency */ = {
			isa = PBXTargetDependency;
			target = 7E0C8FAF22E22ACB009A52B1 /* BolsonaroTweetsWatch */;
			targetProxy = 7E0C8FCB22E22ACE009A52B1 /* PBXContainerItemProxy */;
		};
/* End PBXTargetDependency section */

/* Begin PBXVariantGroup section */
		7E0C8FB222E22ACB009A52B1 /* Interface.storyboard */ = {
			isa = PBXVariantGroup;
			children = (
				7E0C8FB322E22ACB009A52B1 /* Base */,
			);
			name = Interface.storyboard;
			sourceTree = "<group>";
		};
		7E20A2DB225AC9D0006539F5 /* Localizable.strings */ = {
			isa = PBXVariantGroup;
			children = (
				7E20A2DA225AC9D0006539F5 /* en */,
				7E20A2DC225AC9D4006539F5 /* pt-BR */,
			);
			name = Localizable.strings;
			sourceTree = "<group>";
		};
		7EE679A82228A071005CE163 /* Main.storyboard */ = {
			isa = PBXVariantGroup;
			children = (
				7EE679A92228A071005CE163 /* Base */,
			);
			name = Main.storyboard;
			sourceTree = "<group>";
		};
		7EE679AD2228A072005CE163 /* LaunchScreen.storyboard */ = {
			isa = PBXVariantGroup;
			children = (
				7EE679AE2228A072005CE163 /* Base */,
			);
			name = LaunchScreen.storyboard;
			sourceTree = "<group>";
		};
/* End PBXVariantGroup section */

/* Begin XCBuildConfiguration section */
		7E0C8FCE22E22ACE009A52B1 /* Debug */ = {
			isa = XCBuildConfiguration;
			buildSettings = {
				ALWAYS_EMBED_SWIFT_STANDARD_LIBRARIES = YES;
				ASSETCATALOG_COMPILER_APPICON_NAME = AppIcon;
				CODE_SIGN_STYLE = Automatic;
				DEVELOPMENT_TEAM = HVDL2745KX;
				IBSC_MODULE = BolsonaroTweetsWatch_Extension;
				INFOPLIST_FILE = BolsonaroTweetsWatch/Info.plist;
				PRODUCT_BUNDLE_IDENTIFIER = com.warren.bolsonarotweets.watchkitapp;
				PRODUCT_NAME = "$(TARGET_NAME)";
				SDKROOT = watchos;
				SKIP_INSTALL = YES;
				SWIFT_VERSION = 5.0;
				TARGETED_DEVICE_FAMILY = 4;
				WATCHOS_DEPLOYMENT_TARGET = 5.2;
			};
			name = Debug;
		};
		7E0C8FCF22E22ACE009A52B1 /* Release */ = {
			isa = XCBuildConfiguration;
			buildSettings = {
				ALWAYS_EMBED_SWIFT_STANDARD_LIBRARIES = YES;
				ASSETCATALOG_COMPILER_APPICON_NAME = AppIcon;
				CODE_SIGN_STYLE = Automatic;
				DEVELOPMENT_TEAM = HVDL2745KX;
				IBSC_MODULE = BolsonaroTweetsWatch_Extension;
				INFOPLIST_FILE = BolsonaroTweetsWatch/Info.plist;
				PRODUCT_BUNDLE_IDENTIFIER = com.warren.bolsonarotweets.watchkitapp;
				PRODUCT_NAME = "$(TARGET_NAME)";
				SDKROOT = watchos;
				SKIP_INSTALL = YES;
				SWIFT_VERSION = 5.0;
				TARGETED_DEVICE_FAMILY = 4;
				WATCHOS_DEPLOYMENT_TARGET = 5.2;
			};
			name = Release;
		};
		7E0C8FD022E22ACE009A52B1 /* Debug */ = {
			isa = XCBuildConfiguration;
			buildSettings = {
				ASSETCATALOG_COMPILER_COMPLICATION_NAME = Complication;
				CODE_SIGN_STYLE = Automatic;
				DEVELOPMENT_TEAM = HVDL2745KX;
				INFOPLIST_FILE = "BolsonaroTweetsWatch Extension/Info.plist";
				LD_RUNPATH_SEARCH_PATHS = (
					"$(inherited)",
					"@executable_path/Frameworks",
					"@executable_path/../../Frameworks",
				);
				PRODUCT_BUNDLE_IDENTIFIER = com.warren.bolsonarotweets.watchkitapp.watchkitextension;
				PRODUCT_NAME = "${TARGET_NAME}";
				SDKROOT = watchos;
				SKIP_INSTALL = YES;
				SWIFT_VERSION = 5.0;
				TARGETED_DEVICE_FAMILY = 4;
				WATCHOS_DEPLOYMENT_TARGET = 5.2;
			};
			name = Debug;
		};
		7E0C8FD122E22ACE009A52B1 /* Release */ = {
			isa = XCBuildConfiguration;
			buildSettings = {
				ASSETCATALOG_COMPILER_COMPLICATION_NAME = Complication;
				CODE_SIGN_STYLE = Automatic;
				DEVELOPMENT_TEAM = HVDL2745KX;
				INFOPLIST_FILE = "BolsonaroTweetsWatch Extension/Info.plist";
				LD_RUNPATH_SEARCH_PATHS = (
					"$(inherited)",
					"@executable_path/Frameworks",
					"@executable_path/../../Frameworks",
				);
				PRODUCT_BUNDLE_IDENTIFIER = com.warren.bolsonarotweets.watchkitapp.watchkitextension;
				PRODUCT_NAME = "${TARGET_NAME}";
				SDKROOT = watchos;
				SKIP_INSTALL = YES;
				SWIFT_VERSION = 5.0;
				TARGETED_DEVICE_FAMILY = 4;
				WATCHOS_DEPLOYMENT_TARGET = 5.2;
			};
			name = Release;
		};
		7EE679B12228A072005CE163 /* Debug */ = {
			isa = XCBuildConfiguration;
			buildSettings = {
				ALWAYS_SEARCH_USER_PATHS = NO;
				CLANG_ANALYZER_LOCALIZABILITY_NONLOCALIZED = YES;
				CLANG_ANALYZER_NONNULL = YES;
				CLANG_ANALYZER_NUMBER_OBJECT_CONVERSION = YES_AGGRESSIVE;
				CLANG_CXX_LANGUAGE_STANDARD = "gnu++14";
				CLANG_CXX_LIBRARY = "libc++";
				CLANG_ENABLE_MODULES = YES;
				CLANG_ENABLE_OBJC_ARC = YES;
				CLANG_ENABLE_OBJC_WEAK = YES;
				CLANG_WARN_BLOCK_CAPTURE_AUTORELEASING = YES;
				CLANG_WARN_BOOL_CONVERSION = YES;
				CLANG_WARN_COMMA = YES;
				CLANG_WARN_CONSTANT_CONVERSION = YES;
				CLANG_WARN_DEPRECATED_OBJC_IMPLEMENTATIONS = YES;
				CLANG_WARN_DIRECT_OBJC_ISA_USAGE = YES_ERROR;
				CLANG_WARN_DOCUMENTATION_COMMENTS = YES;
				CLANG_WARN_EMPTY_BODY = YES;
				CLANG_WARN_ENUM_CONVERSION = YES;
				CLANG_WARN_INFINITE_RECURSION = YES;
				CLANG_WARN_INT_CONVERSION = YES;
				CLANG_WARN_NON_LITERAL_NULL_CONVERSION = YES;
				CLANG_WARN_OBJC_IMPLICIT_RETAIN_SELF = YES;
				CLANG_WARN_OBJC_LITERAL_CONVERSION = YES;
				CLANG_WARN_OBJC_ROOT_CLASS = YES_ERROR;
				CLANG_WARN_RANGE_LOOP_ANALYSIS = YES;
				CLANG_WARN_STRICT_PROTOTYPES = YES;
				CLANG_WARN_SUSPICIOUS_MOVE = YES;
				CLANG_WARN_UNGUARDED_AVAILABILITY = YES_AGGRESSIVE;
				CLANG_WARN_UNREACHABLE_CODE = YES;
				CLANG_WARN__DUPLICATE_METHOD_MATCH = YES;
				CODE_SIGN_IDENTITY = "iPhone Developer";
				COPY_PHASE_STRIP = NO;
				DEBUG_INFORMATION_FORMAT = dwarf;
				ENABLE_STRICT_OBJC_MSGSEND = YES;
				ENABLE_TESTABILITY = YES;
				GCC_C_LANGUAGE_STANDARD = gnu11;
				GCC_DYNAMIC_NO_PIC = NO;
				GCC_NO_COMMON_BLOCKS = YES;
				GCC_OPTIMIZATION_LEVEL = 0;
				GCC_PREPROCESSOR_DEFINITIONS = (
					"DEBUG=1",
					"$(inherited)",
				);
				GCC_WARN_64_TO_32_BIT_CONVERSION = YES;
				GCC_WARN_ABOUT_RETURN_TYPE = YES_ERROR;
				GCC_WARN_UNDECLARED_SELECTOR = YES;
				GCC_WARN_UNINITIALIZED_AUTOS = YES_AGGRESSIVE;
				GCC_WARN_UNUSED_FUNCTION = YES;
				GCC_WARN_UNUSED_VARIABLE = YES;
				IPHONEOS_DEPLOYMENT_TARGET = 12.1;
				MTL_ENABLE_DEBUG_INFO = INCLUDE_SOURCE;
				MTL_FAST_MATH = YES;
				ONLY_ACTIVE_ARCH = YES;
				SDKROOT = iphoneos;
				SWIFT_ACTIVE_COMPILATION_CONDITIONS = DEBUG;
				SWIFT_OPTIMIZATION_LEVEL = "-Onone";
			};
			name = Debug;
		};
		7EE679B22228A072005CE163 /* Release */ = {
			isa = XCBuildConfiguration;
			buildSettings = {
				ALWAYS_SEARCH_USER_PATHS = NO;
				CLANG_ANALYZER_LOCALIZABILITY_NONLOCALIZED = YES;
				CLANG_ANALYZER_NONNULL = YES;
				CLANG_ANALYZER_NUMBER_OBJECT_CONVERSION = YES_AGGRESSIVE;
				CLANG_CXX_LANGUAGE_STANDARD = "gnu++14";
				CLANG_CXX_LIBRARY = "libc++";
				CLANG_ENABLE_MODULES = YES;
				CLANG_ENABLE_OBJC_ARC = YES;
				CLANG_ENABLE_OBJC_WEAK = YES;
				CLANG_WARN_BLOCK_CAPTURE_AUTORELEASING = YES;
				CLANG_WARN_BOOL_CONVERSION = YES;
				CLANG_WARN_COMMA = YES;
				CLANG_WARN_CONSTANT_CONVERSION = YES;
				CLANG_WARN_DEPRECATED_OBJC_IMPLEMENTATIONS = YES;
				CLANG_WARN_DIRECT_OBJC_ISA_USAGE = YES_ERROR;
				CLANG_WARN_DOCUMENTATION_COMMENTS = YES;
				CLANG_WARN_EMPTY_BODY = YES;
				CLANG_WARN_ENUM_CONVERSION = YES;
				CLANG_WARN_INFINITE_RECURSION = YES;
				CLANG_WARN_INT_CONVERSION = YES;
				CLANG_WARN_NON_LITERAL_NULL_CONVERSION = YES;
				CLANG_WARN_OBJC_IMPLICIT_RETAIN_SELF = YES;
				CLANG_WARN_OBJC_LITERAL_CONVERSION = YES;
				CLANG_WARN_OBJC_ROOT_CLASS = YES_ERROR;
				CLANG_WARN_RANGE_LOOP_ANALYSIS = YES;
				CLANG_WARN_STRICT_PROTOTYPES = YES;
				CLANG_WARN_SUSPICIOUS_MOVE = YES;
				CLANG_WARN_UNGUARDED_AVAILABILITY = YES_AGGRESSIVE;
				CLANG_WARN_UNREACHABLE_CODE = YES;
				CLANG_WARN__DUPLICATE_METHOD_MATCH = YES;
				CODE_SIGN_IDENTITY = "iPhone Developer";
				COPY_PHASE_STRIP = NO;
				DEBUG_INFORMATION_FORMAT = "dwarf-with-dsym";
				ENABLE_NS_ASSERTIONS = NO;
				ENABLE_STRICT_OBJC_MSGSEND = YES;
				GCC_C_LANGUAGE_STANDARD = gnu11;
				GCC_NO_COMMON_BLOCKS = YES;
				GCC_WARN_64_TO_32_BIT_CONVERSION = YES;
				GCC_WARN_ABOUT_RETURN_TYPE = YES_ERROR;
				GCC_WARN_UNDECLARED_SELECTOR = YES;
				GCC_WARN_UNINITIALIZED_AUTOS = YES_AGGRESSIVE;
				GCC_WARN_UNUSED_FUNCTION = YES;
				GCC_WARN_UNUSED_VARIABLE = YES;
				IPHONEOS_DEPLOYMENT_TARGET = 12.1;
				MTL_ENABLE_DEBUG_INFO = NO;
				MTL_FAST_MATH = YES;
				SDKROOT = iphoneos;
				SWIFT_COMPILATION_MODE = wholemodule;
				SWIFT_OPTIMIZATION_LEVEL = "-O";
				VALIDATE_PRODUCT = YES;
			};
			name = Release;
		};
		7EE679B42228A072005CE163 /* Debug */ = {
			isa = XCBuildConfiguration;
			baseConfigurationReference = 64E573539FD568AA10688027 /* Pods-BolsonaroTweets.debug.xcconfig */;
			buildSettings = {
				ASSETCATALOG_COMPILER_APPICON_NAME = AppIcon;
				CLANG_ENABLE_MODULES = YES;
				CODE_SIGN_INJECT_BASE_ENTITLEMENTS = NO;
				CODE_SIGN_STYLE = Automatic;
				DEVELOPMENT_TEAM = HVDL2745KX;
				INFOPLIST_FILE = "$(SRCROOT)/BolsonaroTweets/Resources/Info.plist";
				LD_RUNPATH_SEARCH_PATHS = (
					"$(inherited)",
					"@executable_path/Frameworks",
				);
				PRODUCT_BUNDLE_IDENTIFIER = com.warren.bolsonarotweets;
				PRODUCT_NAME = "$(TARGET_NAME)";
				SWIFT_OBJC_BRIDGING_HEADER = "";
				SWIFT_OPTIMIZATION_LEVEL = "-Onone";
				SWIFT_PRECOMPILE_BRIDGING_HEADER = NO;
				SWIFT_VERSION = 5.0;
				TARGETED_DEVICE_FAMILY = "1,2";
			};
			name = Debug;
		};
		7EE679B52228A072005CE163 /* Release */ = {
			isa = XCBuildConfiguration;
			baseConfigurationReference = E45229C23EFB56F885AF5F91 /* Pods-BolsonaroTweets.release.xcconfig */;
			buildSettings = {
				ASSETCATALOG_COMPILER_APPICON_NAME = AppIcon;
				CLANG_ENABLE_MODULES = YES;
				CODE_SIGN_INJECT_BASE_ENTITLEMENTS = NO;
				CODE_SIGN_STYLE = Automatic;
				DEVELOPMENT_TEAM = HVDL2745KX;
				INFOPLIST_FILE = "$(SRCROOT)/BolsonaroTweets/Resources/Info.plist";
				LD_RUNPATH_SEARCH_PATHS = (
					"$(inherited)",
					"@executable_path/Frameworks",
				);
				PRODUCT_BUNDLE_IDENTIFIER = com.warren.bolsonarotweets;
				PRODUCT_NAME = "$(TARGET_NAME)";
				SWIFT_OBJC_BRIDGING_HEADER = "";
				SWIFT_PRECOMPILE_BRIDGING_HEADER = NO;
				SWIFT_VERSION = 5.0;
				TARGETED_DEVICE_FAMILY = "1,2";
			};
			name = Release;
		};
/* End XCBuildConfiguration section */

/* Begin XCConfigurationList section */
		7E0C8FD222E22ACE009A52B1 /* Build configuration list for PBXNativeTarget "BolsonaroTweetsWatch Extension" */ = {
			isa = XCConfigurationList;
			buildConfigurations = (
				7E0C8FD022E22ACE009A52B1 /* Debug */,
				7E0C8FD122E22ACE009A52B1 /* Release */,
			);
			defaultConfigurationIsVisible = 0;
			defaultConfigurationName = Release;
		};
		7E0C8FD422E22ACE009A52B1 /* Build configuration list for PBXNativeTarget "BolsonaroTweetsWatch" */ = {
			isa = XCConfigurationList;
			buildConfigurations = (
				7E0C8FCE22E22ACE009A52B1 /* Debug */,
				7E0C8FCF22E22ACE009A52B1 /* Release */,
			);
			defaultConfigurationIsVisible = 0;
			defaultConfigurationName = Release;
		};
		7EE6799A2228A071005CE163 /* Build configuration list for PBXProject "BolsonaroTweets" */ = {
			isa = XCConfigurationList;
			buildConfigurations = (
				7EE679B12228A072005CE163 /* Debug */,
				7EE679B22228A072005CE163 /* Release */,
			);
			defaultConfigurationIsVisible = 0;
			defaultConfigurationName = Release;
		};
		7EE679B32228A072005CE163 /* Build configuration list for PBXNativeTarget "BolsonaroTweets" */ = {
			isa = XCConfigurationList;
			buildConfigurations = (
				7EE679B42228A072005CE163 /* Debug */,
				7EE679B52228A072005CE163 /* Release */,
			);
			defaultConfigurationIsVisible = 0;
			defaultConfigurationName = Release;
		};
/* End XCConfigurationList section */
	};
	rootObject = 7EE679972228A071005CE163 /* Project object */;
}
